
Microsoft Visual Studio Solution File, Format Version 12.00
# Visual Studio 15
VisualStudioVersion = 15.0.28010.2019
MinimumVisualStudioVersion = 10.0.40219.1
Project("{FAE04EC0-301F-11D3-BF4B-00C04F79EFBC}") = "Console Application jeu de la vie C.A", "Console Application jeu de la vie C.A\Console Application jeu de la vie C.A.csproj", "{DF962039-5590-4E9D-8DC2-894AE35E3CB8}"
EndProject
Global
	GlobalSection(SolutionConfigurationPlatforms) = preSolution
		Debug|Any CPU = Debug|Any CPU
		Release|Any CPU = Release|Any CPU
	EndGlobalSection
	GlobalSection(ProjectConfigurationPlatforms) = postSolution
		{DF962039-5590-4E9D-8DC2-894AE35E3CB8}.Debug|Any CPU.ActiveCfg = Debug|Any CPU
		{DF962039-5590-4E9D-8DC2-894AE35E3CB8}.Debug|Any CPU.Build.0 = Debug|Any CPU
		{DF962039-5590-4E9D-8DC2-894AE35E3CB8}.Release|Any CPU.ActiveCfg = Release|Any CPU
		{DF962039-5590-4E9D-8DC2-894AE35E3CB8}.Release|Any CPU.Build.0 = Release|Any CPU
	EndGlobalSection
	GlobalSection(SolutionProperties) = preSolution
		HideSolutionNode = FALSE
	EndGlobalSection
	GlobalSection(ExtensibilityGlobals) = postSolution
		SolutionGuid = {3C9AEA48-37D2-4191-A305-BD61C31BC6AA}
	EndGlobalSection
EndGlobal
